
Microsoft Visual Studio Solution File, Format Version 12.00
# Visual Studio Version 16
VisualStudioVersion = 16.0.30621.155
MinimumVisualStudioVersion = 10.0.40219.1
Project("{FAE04EC0-301F-11D3-BF4B-00C04F79EFBC}") = "FormsEconomicGame", "FormsEconomicGame\FormsEconomicGame.csproj", "{80F62778-C687-406E-8BD7-DF6B64A3EA6B}"
EndProject
Project("{FAE04EC0-301F-11D3-BF4B-00C04F79EFBC}") = "Game", "Game\Game.csproj", "{2C958054-F3E3-41E8-80F8-DE16721FCB06}"
EndProject
Global
	GlobalSection(SolutionConfigurationPlatforms) = preSolution
		Debug|Any CPU = Debug|Any CPU
		Release|Any CPU = Release|Any CPU
	EndGlobalSection
	GlobalSection(ProjectConfigurationPlatforms) = postSolution
		{80F62778-C687-406E-8BD7-DF6B64A3EA6B}.Debug|Any CPU.ActiveCfg = Debug|Any CPU
		{80F62778-C687-406E-8BD7-DF6B64A3EA6B}.Debug|Any CPU.Build.0 = Debug|Any CPU
		{80F62778-C687-406E-8BD7-DF6B64A3EA6B}.Release|Any CPU.ActiveCfg = Release|Any CPU
		{80F62778-C687-406E-8BD7-DF6B64A3EA6B}.Release|Any CPU.Build.0 = Release|Any CPU
		{2C958054-F3E3-41E8-80F8-DE16721FCB06}.Debug|Any CPU.ActiveCfg = Debug|Any CPU
		{2C958054-F3E3-41E8-80F8-DE16721FCB06}.Debug|Any CPU.Build.0 = Debug|Any CPU
		{2C958054-F3E3-41E8-80F8-DE16721FCB06}.Release|Any CPU.ActiveCfg = Release|Any CPU
		{2C958054-F3E3-41E8-80F8-DE16721FCB06}.Release|Any CPU.Build.0 = Release|Any CPU
	EndGlobalSection
	GlobalSection(SolutionProperties) = preSolution
		HideSolutionNode = FALSE
	EndGlobalSection
	GlobalSection(ExtensibilityGlobals) = postSolution
		SolutionGuid = {E7A3693A-B1ED-402F-94C9-42DE64D3C306}
	EndGlobalSection
EndGlobal
